{
  "name": "nodejs-tools",
  "lockfileVersion": 3,
  "requires": true,
  "packages": {
    "": {
      "dependencies": {
        "commander": "^14.0.1",
        "yaml-js": "^0.3.1"
      }
    },
    "node_modules/commander": {
      "version": "14.0.1",
      "resolved": "https://registry.npmjs.org/commander/-/commander-14.0.1.tgz",
      "integrity": "sha512-2JkV3gUZUVrbNA+1sjBOYLsMZ5cEEl8GTFP2a4AVz5hvasAMCQ1D2l2le/cX+pV4N6ZU17zjUahLpIXRrnWL8A==",
      "license": "MIT",
      "engines": {
        "node": ">=20"
      }
    },
    "node_modules/yaml-js": {
      "version": "0.3.1",
      "resolved": "https://registry.npmjs.org/yaml-js/-/yaml-js-0.3.1.tgz",
      "integrity": "sha512-LjoIFHCtSfkGzPsmYmfDsW+TShtQBcY7lwH1yLQ5brJHXRhjteUnVE2ThCbz1madq8JUZIAjFiavfnIFeTO8CQ==",
      "license": "WTFPL",
      "engines": {
        "node": ">=8"
      }
    }
  }
}
